
Microsoft Visual Studio Solution File, Format Version 12.00
# Visual Studio 14
VisualStudioVersion = 14.0.25420.1
MinimumVisualStudioVersion = 10.0.40219.1
Project("{FAE04EC0-301F-11D3-BF4B-00C04F79EFBC}") = "TheatreSystem08220", "TheatreSystem08220\TheatreSystem08220.csproj", "{9C3C0BC3-A252-4316-B28F-15CDE53EA330}"
EndProject
Project("{FAE04EC0-301F-11D3-BF4B-00C04F79EFBC}") = "TheatreSystem08220Tests", "TheatreSystem08220Tests\TheatreSystem08220Tests.csproj", "{68A11EFA-9FF3-4A84-9E8D-651BE9C4B234}"
EndProject
Global
	GlobalSection(SolutionConfigurationPlatforms) = preSolution
		Debug|Any CPU = Debug|Any CPU
		Release|Any CPU = Release|Any CPU
	EndGlobalSection
	GlobalSection(ProjectConfigurationPlatforms) = postSolution
		{9C3C0BC3-A252-4316-B28F-15CDE53EA330}.Debug|Any CPU.ActiveCfg = Debug|Any CPU
		{9C3C0BC3-A252-4316-B28F-15CDE53EA330}.Debug|Any CPU.Build.0 = Debug|Any CPU
		{9C3C0BC3-A252-4316-B28F-15CDE53EA330}.Release|Any CPU.ActiveCfg = Release|Any CPU
		{9C3C0BC3-A252-4316-B28F-15CDE53EA330}.Release|Any CPU.Build.0 = Release|Any CPU
		{68A11EFA-9FF3-4A84-9E8D-651BE9C4B234}.Debug|Any CPU.ActiveCfg = Debug|Any CPU
		{68A11EFA-9FF3-4A84-9E8D-651BE9C4B234}.Debug|Any CPU.Build.0 = Debug|Any CPU
		{68A11EFA-9FF3-4A84-9E8D-651BE9C4B234}.Release|Any CPU.ActiveCfg = Release|Any CPU
		{68A11EFA-9FF3-4A84-9E8D-651BE9C4B234}.Release|Any CPU.Build.0 = Release|Any CPU
	EndGlobalSection
	GlobalSection(SolutionProperties) = preSolution
		HideSolutionNode = FALSE
	EndGlobalSection
EndGlobal
